
Microsoft Visual Studio Solution File, Format Version 12.00
# Visual Studio Version 17
VisualStudioVersion = 17.14.36212.18 d17.14
MinimumVisualStudioVersion = 10.0.40219.1
Project("{FAE04EC0-301F-11D3-BF4B-00C04F79EFBC}") = "Jlw.Utilities.WebApiUtility", "Jlw.Utilities.WebApiUtility\Jlw.Utilities.WebApiUtility.csproj", "{79A49E97-BCE3-4A23-A429-69B18438308C}"
EndProject
Project("{E24C65DC-7377-472B-9ABA-BC803B73C61A}") = "build-scripts", "build-scripts\", "{D6B82509-B89E-4806-4B66-D169448EA21C}"
	ProjectSection(WebsiteProperties) = preProject
		TargetFrameworkMoniker = ".NETFramework,Version%3Dv4.0"
		Debug.AspNetCompiler.VirtualPath = "/localhost_63019"
		Debug.AspNetCompiler.PhysicalPath = "build-scripts\"
		Debug.AspNetCompiler.TargetPath = "PrecompiledWeb\localhost_63019\"
		Debug.AspNetCompiler.Updateable = "true"
		Debug.AspNetCompiler.ForceOverwrite = "true"
		Debug.AspNetCompiler.FixedNames = "false"
		Debug.AspNetCompiler.Debug = "True"
		Release.AspNetCompiler.VirtualPath = "/localhost_63019"
		Release.AspNetCompiler.PhysicalPath = "build-scripts\"
		Release.AspNetCompiler.TargetPath = "PrecompiledWeb\localhost_63019\"
		Release.AspNetCompiler.Updateable = "true"
		Release.AspNetCompiler.ForceOverwrite = "true"
		Release.AspNetCompiler.FixedNames = "false"
		Release.AspNetCompiler.Debug = "False"
		VWDPort = "63019"
		SlnRelativePath = "build-scripts\"
	EndProjectSection
EndProject
Global
	GlobalSection(SolutionConfigurationPlatforms) = preSolution
		Debug|Any CPU = Debug|Any CPU
		Release|Any CPU = Release|Any CPU
	EndGlobalSection
	GlobalSection(ProjectConfigurationPlatforms) = postSolution
		{79A49E97-BCE3-4A23-A429-69B18438308C}.Debug|Any CPU.ActiveCfg = Debug|Any CPU
		{79A49E97-BCE3-4A23-A429-69B18438308C}.Debug|Any CPU.Build.0 = Debug|Any CPU
		{79A49E97-BCE3-4A23-A429-69B18438308C}.Release|Any CPU.ActiveCfg = Release|Any CPU
		{79A49E97-BCE3-4A23-A429-69B18438308C}.Release|Any CPU.Build.0 = Release|Any CPU
		{D6B82509-B89E-4806-4B66-D169448EA21C}.Debug|Any CPU.ActiveCfg = Debug|Any CPU
		{D6B82509-B89E-4806-4B66-D169448EA21C}.Debug|Any CPU.Build.0 = Debug|Any CPU
		{D6B82509-B89E-4806-4B66-D169448EA21C}.Release|Any CPU.ActiveCfg = Debug|Any CPU
		{D6B82509-B89E-4806-4B66-D169448EA21C}.Release|Any CPU.Build.0 = Debug|Any CPU
	EndGlobalSection
	GlobalSection(SolutionProperties) = preSolution
		HideSolutionNode = FALSE
	EndGlobalSection
	GlobalSection(ExtensibilityGlobals) = postSolution
		SolutionGuid = {D621B026-356A-4A35-8854-551F89C92FB0}
	EndGlobalSection
EndGlobal
